<?xml version="1.0" encoding="utf-8"?>
<Project ToolsVersion="14.0" xmlns="http://schemas.microsoft.com/developer/msbuild/2003">
  <ItemGroup>
    <CustomBuild Include="D:\Project\Urho3D\AirFighter\CMakeLists.txt" />
  </ItemGroup>
  <ItemGroup>
    <None Include="D:\Project\Urho3D\AirFighter\bin\CoreData" />
    <None Include="D:\Project\Urho3D\AirFighter\bin\Data" />
    <None Include="Sample.inl">
      <Filter>Header Files</Filter>
    </None>
  </ItemGroup>
  <ItemGroup>
    <Filter Include="Source Files">
      <UniqueIdentifier>{276E908D-3ECA-325D-B6DF-DD72EA79E74B}</UniqueIdentifier>
    </Filter>
    <Filter Include="Header Files">
      <UniqueIdentifier>{466bd200-faae-4c85-9257-3609d0534441}</UniqueIdentifier>
    </Filter>
    <Filter Include="Header Files\GameObjects">
      <UniqueIdentifier>{acb1a6e1-2d93-4134-ad1a-23ba5909399d}</UniqueIdentifier>
    </Filter>
    <Filter Include="Header Files\Bullets">
      <UniqueIdentifier>{1d447e59-5372-4e30-8916-299ddb30037e}</UniqueIdentifier>
    </Filter>
    <Filter Include="Header Files\Skills">
      <UniqueIdentifier>{e761c31e-5f01-4c79-92de-835698e4acd7}</UniqueIdentifier>
    </Filter>
    <Filter Include="Header Files\Lists">
      <UniqueIdentifier>{7d1dbf09-a71f-4b8f-baba-03d0aaf8e9ff}</UniqueIdentifier>
    </Filter>
    <Filter Include="Source Files\GameObjects">
      <UniqueIdentifier>{0ee0a4ad-57f4-4da5-9a9b-3cb82e283084}</UniqueIdentifier>
    </Filter>
    <Filter Include="Source Files\Bullets">
      <UniqueIdentifier>{8c249152-f8a3-4504-a812-83f3b50183cc}</UniqueIdentifier>
    </Filter>
    <Filter Include="Source Files\Skills">
      <UniqueIdentifier>{752d0aff-99bc-4ad4-b2fe-803e48076b3a}</UniqueIdentifier>
    </Filter>
    <Filter Include="Header Files\BUFF">
      <UniqueIdentifier>{a37967c5-1a53-4dbe-96f4-3e2589ed3127}</UniqueIdentifier>
    </Filter>
    <Filter Include="Source Files\BUFF">
      <UniqueIdentifier>{f0c8d4fe-2981-4778-a8fb-5f652fa267b4}</UniqueIdentifier>
    </Filter>
    <Filter Include="Header Files\Effects">
      <UniqueIdentifier>{34553bfd-7529-484f-bbb3-6891bee0ed7b}</UniqueIdentifier>
    </Filter>
    <Filter Include="Source Files\Effects">
      <UniqueIdentifier>{f4bae780-1ace-4589-b7f2-a20d38ef96bb}</UniqueIdentifier>
    </Filter>
  </ItemGroup>
  <ItemGroup>
    <ClInclude Include="Sample.h">
      <Filter>Header Files</Filter>
    </ClInclude>
    <ClInclude Include="GameObject.h">
      <Filter>Header Files\GameObjects</Filter>
    </ClInclude>
    <ClInclude Include="Box.h">
      <Filter>Header Files\GameObjects</Filter>
    </ClInclude>
    <ClInclude Include="Fighter.h">
      <Filter>Header Files\GameObjects</Filter>
    </ClInclude>
    <ClInclude Include="Bullet.h">
      <Filter>Header Files\Bullets</Filter>
    </ClInclude>
    <ClInclude Include="AP.h">
      <Filter>Header Files\Bullets</Filter>
    </ClInclude>
    <ClInclude Include="Skill.h">
      <Filter>Header Files\Skills</Filter>
    </ClInclude>
    <ClInclude Include="ControlsList.h">
      <Filter>Header Files\Lists</Filter>
    </ClInclude>
    <ClInclude Include="RemoteEvents.h">
      <Filter>Header Files\Lists</Filter>
    </ClInclude>
    <ClInclude Include="Toolkit.h">
      <Filter>Header Files</Filter>
    </ClInclude>
    <ClInclude Include="AirFighter.h">
      <Filter>Header Files</Filter>
    </ClInclude>
    <ClInclude Include="BUFF.h">
      <Filter>Header Files\BUFF</Filter>
    </ClInclude>
    <ClInclude Include="HeatSource.h">
      <Filter>Header Files\BUFF</Filter>
    </ClInclude>
    <ClInclude Include="BUFFList.h">
      <Filter>Header Files\Lists</Filter>
    </ClInclude>
    <ClInclude Include="Missile.h">
      <Filter>Header Files\GameObjects</Filter>
    </ClInclude>
    <ClInclude Include="Skill_Missile.h">
      <Filter>Header Files\Skills</Filter>
    </ClInclude>
    <ClInclude Include="Effect.h">
      <Filter>Header Files\Effects</Filter>
    </ClInclude>
    <ClInclude Include="Effect_Flare.h">
      <Filter>Header Files\Effects</Filter>
    </ClInclude>
    <ClInclude Include="Skill_Flare.h">
      <Filter>Header Files\Skills</Filter>
    </ClInclude>
    <ClInclude Include="Effect_Blink.h">
      <Filter>Header Files\Effects</Filter>
    </ClInclude>
    <ClInclude Include="Skill_Blink.h">
      <Filter>Header Files\Skills</Filter>
    </ClInclude>
    <ClInclude Include="Effect_Boom.h">
      <Filter>Header Files\Effects</Filter>
    </ClInclude>
  </ItemGroup>
  <ItemGroup>
    <ClCompile Include="GameObject.cpp">
      <Filter>Source Files\GameObjects</Filter>
    </ClCompile>
    <ClCompile Include="Box.cpp">
      <Filter>Source Files\GameObjects</Filter>
    </ClCompile>
    <ClCompile Include="Fighter.cpp">
      <Filter>Source Files\GameObjects</Filter>
    </ClCompile>
    <ClCompile Include="Bullet.cpp">
      <Filter>Source Files\Bullets</Filter>
    </ClCompile>
    <ClCompile Include="AP.cpp">
      <Filter>Source Files\Bullets</Filter>
    </ClCompile>
    <ClCompile Include="Skill.cpp">
      <Filter>Source Files\Skills</Filter>
    </ClCompile>
    <ClCompile Include="AirFighter.cpp">
      <Filter>Source Files</Filter>
    </ClCompile>
    <ClCompile Include="Toolkit.cpp">
      <Filter>Source Files</Filter>
    </ClCompile>
    <ClCompile Include="BUFF.cpp">
      <Filter>Source Files\BUFF</Filter>
    </ClCompile>
    <ClCompile Include="HeatSource.cpp">
      <Filter>Source Files\BUFF</Filter>
    </ClCompile>
    <ClCompile Include="Missile.cpp">
      <Filter>Source Files\GameObjects</Filter>
    </ClCompile>
    <ClCompile Include="Skill_Missile.cpp">
      <Filter>Source Files\Skills</Filter>
    </ClCompile>
    <ClCompile Include="Effect.cpp">
      <Filter>Source Files\Effects</Filter>
    </ClCompile>
    <ClCompile Include="Effect_Flare.cpp">
      <Filter>Source Files\Effects</Filter>
    </ClCompile>
    <ClCompile Include="Skill_Flare.cpp">
      <Filter>Source Files\Skills</Filter>
    </ClCompile>
    <ClCompile Include="Effect_Blink.cpp">
      <Filter>Source Files\Effects</Filter>
    </ClCompile>
    <ClCompile Include="Skill_Blink.cpp">
      <Filter>Source Files\Skills</Filter>
    </ClCompile>
    <ClCompile Include="Effect_Boom.cpp">
      <Filter>Source Files\Effects</Filter>
    </ClCompile>
  </ItemGroup>
</Project>